
Microsoft Visual Studio Solution File, Format Version 12.00
# Visual Studio Version 17
VisualStudioVersion = 17.14.36518.9 d17.14
MinimumVisualStudioVersion = 10.0.40219.1
Project("{FAE04EC0-301F-11D3-BF4B-00C04F79EFBC}") = "NesneTanıma_", "NesneTanıma_\NesneTanıma_.csproj", "{19A8536E-3079-4AEA-94BC-FD5E8E7520B0}"
EndProject
Global
	GlobalSection(SolutionConfigurationPlatforms) = preSolution
		Debug|Any CPU = Debug|Any CPU
		Release|Any CPU = Release|Any CPU
	EndGlobalSection
	GlobalSection(ProjectConfigurationPlatforms) = postSolution
		{19A8536E-3079-4AEA-94BC-FD5E8E7520B0}.Debug|Any CPU.ActiveCfg = Debug|Any CPU
		{19A8536E-3079-4AEA-94BC-FD5E8E7520B0}.Debug|Any CPU.Build.0 = Debug|Any CPU
		{19A8536E-3079-4AEA-94BC-FD5E8E7520B0}.Release|Any CPU.ActiveCfg = Release|Any CPU
		{19A8536E-3079-4AEA-94BC-FD5E8E7520B0}.Release|Any CPU.Build.0 = Release|Any CPU
	EndGlobalSection
	GlobalSection(SolutionProperties) = preSolution
		HideSolutionNode = FALSE
	EndGlobalSection
	GlobalSection(ExtensibilityGlobals) = postSolution
		SolutionGuid = {81121B4B-CBAB-48D5-90D8-24CF04B03EDF}
	EndGlobalSection
EndGlobal
